
Microsoft Visual Studio Solution File, Format Version 12.00
# Visual Studio 15
VisualStudioVersion = 15.0.27004.2008
MinimumVisualStudioVersion = 10.0.40219.1
Project("{9A19103F-16F7-4668-BE54-9A1E7A4F7556}") = "P01_HospitalDatabase", "P01_HospitalDatabase\P01_HospitalDatabase.csproj", "{8FC6EAE6-4CBE-425E-ABA3-79FE14894FE1}"
EndProject
Project("{FAE04EC0-301F-11D3-BF4B-00C04F79EFBC}") = "P03_SalesDatabase", "P03_SalesDatabase\P03_SalesDatabase.csproj", "{285DD33B-6008-4118-B7EE-E711CD48E951}"
EndProject
Global
	GlobalSection(SolutionConfigurationPlatforms) = preSolution
		Debug|Any CPU = Debug|Any CPU
		Release|Any CPU = Release|Any CPU
	EndGlobalSection
	GlobalSection(ProjectConfigurationPlatforms) = postSolution
		{8FC6EAE6-4CBE-425E-ABA3-79FE14894FE1}.Debug|Any CPU.ActiveCfg = Debug|Any CPU
		{8FC6EAE6-4CBE-425E-ABA3-79FE14894FE1}.Debug|Any CPU.Build.0 = Debug|Any CPU
		{8FC6EAE6-4CBE-425E-ABA3-79FE14894FE1}.Release|Any CPU.ActiveCfg = Release|Any CPU
		{8FC6EAE6-4CBE-425E-ABA3-79FE14894FE1}.Release|Any CPU.Build.0 = Release|Any CPU
		{285DD33B-6008-4118-B7EE-E711CD48E951}.Debug|Any CPU.ActiveCfg = Debug|Any CPU
		{285DD33B-6008-4118-B7EE-E711CD48E951}.Debug|Any CPU.Build.0 = Debug|Any CPU
		{285DD33B-6008-4118-B7EE-E711CD48E951}.Release|Any CPU.ActiveCfg = Release|Any CPU
		{285DD33B-6008-4118-B7EE-E711CD48E951}.Release|Any CPU.Build.0 = Release|Any CPU
	EndGlobalSection
	GlobalSection(SolutionProperties) = preSolution
		HideSolutionNode = FALSE
	EndGlobalSection
	GlobalSection(ExtensibilityGlobals) = postSolution
		SolutionGuid = {FBC4422C-1A5D-45E9-A0ED-85F930BD1943}
	EndGlobalSection
EndGlobal
